# THIS IS AN AUTOGENERATED FILE. DO NOT EDIT THIS FILE DIRECTLY.
# yarn lockfile v1


react-tailwind-table@^1.1.1:
  version "1.1.1"
  resolved "https://registry.yarnpkg.com/react-tailwind-table/-/react-tailwind-table-1.1.1.tgz#0b30fe64645c263b1899b74e1befd333d0655ea1"
  integrity sha512-X+3MFk/6DBZ/TSlrOPAkKiwHTMaEOBqVKTVytzAW4F0aT8bEvokiiEjkQ1zPOYUETjW6LrRb2Hb9FczqWjJYnw==
